{
  "version": 4,
  "terraform_version": "0.12.23",
  "serial": 5,
  "lineage": "8cfcfe10-10ec-800e-6c4a-5b761a1c4bf4",
  "outputs": {
    "hosts": {
      "value": "\n178.62.2.195 accentizer.raven.scot\n",
      "type": "string"
    },
    "main_ipv4": {
      "value": "178.62.2.195",
      "type": "string"
    }
  },
  "resources": [
    {
      "mode": "managed",
      "type": "digitalocean_droplet",
      "name": "web",
      "provider": "provider.digitalocean",
      "instances": [
        {
          "schema_version": 1,
          "attributes": {
            "backups": false,
            "created_at": "2020-04-16T19:14:56Z",
            "disk": 25,
            "id": "188843226",
            "image": "coreos-stable",
            "ipv4_address": "178.62.2.195",
            "ipv4_address_private": "10.131.3.119",
            "ipv6": false,
            "ipv6_address": "",
            "ipv6_address_private": null,
            "locked": false,
            "memory": 1024,
            "monitoring": false,
            "name": "web",
            "price_hourly": 0.00744,
            "price_monthly": 5,
            "private_networking": true,
            "region": "lon1",
            "resize_disk": true,
            "size": "s-1vcpu-1gb",
            "ssh_keys": [
              "27137417"
            ],
            "status": "active",
            "tags": [],
            "urn": "do:droplet:188843226",
            "user_data": "2f41dac4135b7edd5ecf4223773bc08d1033eefc",
            "vcpus": 1,
            "volume_ids": [],
            "vpc_uuid": ""
          },
          "private": "eyJzY2hlbWFfdmVyc2lvbiI6IjEifQ==",
          "dependencies": [
            "digitalocean_ssh_key.accentizer"
          ]
        }
      ]
    },
    {
      "mode": "managed",
      "type": "digitalocean_ssh_key",
      "name": "accentizer",
      "provider": "provider.digitalocean",
      "instances": [
        {
          "schema_version": 0,
          "attributes": {
            "fingerprint": "9e:02:a9:e6:9a:79:ea:ee:b5:38:42:84:b1:37:c6:d3",
            "id": "27137417",
            "name": "Accentizer SSH Key",
            "public_key": "ssh-rsa AAAAB3NzaC1yc2EAAAADAQABAAACAQDjlPzPyAyOSRuVXVpWSfg32/hHzjncZatg7VFcRmp9GrzVK1O4JPX9hgZZfCsAONNOQx06LBR2CDYrJ/jvByTHtUTOLFuQls0w552JvAttP6F3vIdGmBW+dXJ/d+p+UkS8R6ux+5ZX/1yZ+Q85NEFcinYa5tZraDwANVHlBxboXdp7d9PrVCzOpav4HzqQDaocpyWYcdv3dPRyX6QbMIy7tnsNznH36AnAm1RPcxe0aske/Pp1Rvzhzt+DIbBw674RqJEbNsexNjs8wv2/H+Sj2hrCss24rUehZikmHFnjvX55IAWG3+d+BYe2AB/DYIRM1Ms1uWbLZ08cVVf5RcjhCFPUezaXcfyxFSHGewFL2D1Nr9t6OZSc2ksHJy2OHC+BeM+VBqnVmoFJ1qR8ZEDwRjZw0wgrLJJYv73GBcXlDgBuftjVNHmSG9nS/4i9BT5+oi+0SLfbWvfddf1tAF0E3jcuA931oEnB+gs6SVhqWmSxAwaixLPIW3j8xOireYgM+srqhNpT1mNvOkwhji4M/fQXjL7BEuqkQvJSRdTfyjqztg+KE7xAt56yjl16jfj6u6LgKZpb7h/Mt+GRE4X9z0vhFa4L5DS84Zm8fV5q/u53jzh9jfVWrnAZz5aivAqmQkfOpSsGrxbocA2Qpu+EOYyVKW668fBK/zGIRZoUPQ== mail@sztupy.hu"
          },
          "private": "bnVsbA=="
        }
      ]
    }
  ]
}
